
Microsoft Visual Studio Solution File, Format Version 12.00
# Visual Studio Version 17
VisualStudioVersion = 17.8.34511.84
MinimumVisualStudioVersion = 10.0.40219.1
Project("{FAE04EC0-301F-11D3-BF4B-00C04F79EFBC}") = "WebApp", "WebApp\WebApp.csproj", "{4DF6E288-FF27-492A-80D8-98BB76CE6664}"
EndProject
Global
	GlobalSection(SolutionConfigurationPlatforms) = preSolution
		Debug|Any CPU = Debug|Any CPU
		Release|Any CPU = Release|Any CPU
	EndGlobalSection
	GlobalSection(ProjectConfigurationPlatforms) = postSolution
		{4DF6E288-FF27-492A-80D8-98BB76CE6664}.Debug|Any CPU.ActiveCfg = Debug|Any CPU
		{4DF6E288-FF27-492A-80D8-98BB76CE6664}.Debug|Any CPU.Build.0 = Debug|Any CPU
		{4DF6E288-FF27-492A-80D8-98BB76CE6664}.Release|Any CPU.ActiveCfg = Release|Any CPU
		{4DF6E288-FF27-492A-80D8-98BB76CE6664}.Release|Any CPU.Build.0 = Release|Any CPU
	EndGlobalSection
	GlobalSection(SolutionProperties) = preSolution
		HideSolutionNode = FALSE
	EndGlobalSection
	GlobalSection(ExtensibilityGlobals) = postSolution
		SolutionGuid = {CA31590A-9BCC-4CCA-BC13-061759EA8F2C}
	EndGlobalSection
EndGlobal
